
Microsoft Visual Studio Solution File, Format Version 12.00
# Visual Studio Version 17
VisualStudioVersion = 17.8.34322.80
MinimumVisualStudioVersion = 10.0.40219.1
Project("{FAE04EC0-301F-11D3-BF4B-00C04F79EFBC}") = "Modul11.HW", "Modul11.HW\Modul11.HW.csproj", "{6C25E3FD-EAB1-4C3A-BB99-2023C9412E61}"
EndProject
Global
	GlobalSection(SolutionConfigurationPlatforms) = preSolution
		Debug|Any CPU = Debug|Any CPU
		Release|Any CPU = Release|Any CPU
	EndGlobalSection
	GlobalSection(ProjectConfigurationPlatforms) = postSolution
		{6C25E3FD-EAB1-4C3A-BB99-2023C9412E61}.Debug|Any CPU.ActiveCfg = Debug|Any CPU
		{6C25E3FD-EAB1-4C3A-BB99-2023C9412E61}.Debug|Any CPU.Build.0 = Debug|Any CPU
		{6C25E3FD-EAB1-4C3A-BB99-2023C9412E61}.Release|Any CPU.ActiveCfg = Release|Any CPU
		{6C25E3FD-EAB1-4C3A-BB99-2023C9412E61}.Release|Any CPU.Build.0 = Release|Any CPU
	EndGlobalSection
	GlobalSection(SolutionProperties) = preSolution
		HideSolutionNode = FALSE
	EndGlobalSection
	GlobalSection(ExtensibilityGlobals) = postSolution
		SolutionGuid = {B329CC57-86D6-4482-B926-1FE0FC5BD6FC}
	EndGlobalSection
EndGlobal
